
Microsoft Visual Studio Solution File, Format Version 12.00
# Visual Studio Version 17
VisualStudioVersion = 17.7.34018.315
MinimumVisualStudioVersion = 10.0.40219.1
Project("{9A19103F-16F7-4668-BE54-9A1E7A4F7556}") = "PlanningPoker.Server", "PlanningPoker.Server\PlanningPoker.Server.csproj", "{80A86509-AD5D-4CC5-8255-326E068359F7}"
EndProject
Project("{9A19103F-16F7-4668-BE54-9A1E7A4F7556}") = "PlanningPoker.Client", "PlanningPoker.Client\PlanningPoker.Client.csproj", "{34D2DC2D-C218-4B15-98AD-BBFF034285BC}"
EndProject
Project("{9A19103F-16F7-4668-BE54-9A1E7A4F7556}") = "PlanningPoker", "PlanningPoker\PlanningPoker.csproj", "{DDE5601A-67A3-4B29-B1C9-8723E9E1B363}"
EndProject
Global
	GlobalSection(SolutionConfigurationPlatforms) = preSolution
		Debug|Any CPU = Debug|Any CPU
		Release|Any CPU = Release|Any CPU
	EndGlobalSection
	GlobalSection(ProjectConfigurationPlatforms) = postSolution
		{80A86509-AD5D-4CC5-8255-326E068359F7}.Debug|Any CPU.ActiveCfg = Debug|Any CPU
		{80A86509-AD5D-4CC5-8255-326E068359F7}.Debug|Any CPU.Build.0 = Debug|Any CPU
		{80A86509-AD5D-4CC5-8255-326E068359F7}.Release|Any CPU.ActiveCfg = Release|Any CPU
		{80A86509-AD5D-4CC5-8255-326E068359F7}.Release|Any CPU.Build.0 = Release|Any CPU
		{34D2DC2D-C218-4B15-98AD-BBFF034285BC}.Debug|Any CPU.ActiveCfg = Debug|Any CPU
		{34D2DC2D-C218-4B15-98AD-BBFF034285BC}.Debug|Any CPU.Build.0 = Debug|Any CPU
		{34D2DC2D-C218-4B15-98AD-BBFF034285BC}.Release|Any CPU.ActiveCfg = Release|Any CPU
		{34D2DC2D-C218-4B15-98AD-BBFF034285BC}.Release|Any CPU.Build.0 = Release|Any CPU
		{DDE5601A-67A3-4B29-B1C9-8723E9E1B363}.Debug|Any CPU.ActiveCfg = Debug|Any CPU
		{DDE5601A-67A3-4B29-B1C9-8723E9E1B363}.Debug|Any CPU.Build.0 = Debug|Any CPU
		{DDE5601A-67A3-4B29-B1C9-8723E9E1B363}.Release|Any CPU.ActiveCfg = Release|Any CPU
		{DDE5601A-67A3-4B29-B1C9-8723E9E1B363}.Release|Any CPU.Build.0 = Release|Any CPU
	EndGlobalSection
	GlobalSection(SolutionProperties) = preSolution
		HideSolutionNode = FALSE
	EndGlobalSection
	GlobalSection(ExtensibilityGlobals) = postSolution
		SolutionGuid = {2BBF024B-7825-44DA-8081-D02C4EE30875}
	EndGlobalSection
EndGlobal
